<?xml version="1.0" encoding="utf-8"?>
<Project ToolsVersion="4.0" xmlns="http://schemas.microsoft.com/developer/msbuild/2003">
  <ItemGroup>
    <Filter Include="Header">
      <UniqueIdentifier>{dbcc8582-5a81-4595-8f47-7b3ec33d81cd}</UniqueIdentifier>
    </Filter>
    <Filter Include="Source">
      <UniqueIdentifier>{ffb0e7cc-0ece-4c02-b29d-902d837cdf14}</UniqueIdentifier>
    </Filter>
  </ItemGroup>
  <ItemGroup>
    <ClCompile Include="src\SandboxApp.cpp">
      <Filter>Source</Filter>
    </ClCompile>
  </ItemGroup>
</Project>